
Microsoft Visual Studio Solution File, Format Version 12.00
# Visual Studio 15
VisualStudioVersion = 15.0.27004.2005
MinimumVisualStudioVersion = 10.0.40219.1
Project("{9A19103F-16F7-4668-BE54-9A1E7A4F7556}") = "Web", "Web\Web.csproj", "{E3C65DD0-7AA1-4E6C-93AE-3630BEB803C3}"
EndProject
Global
	GlobalSection(SolutionConfigurationPlatforms) = preSolution
		Debug|Any CPU = Debug|Any CPU
		Release|Any CPU = Release|Any CPU
	EndGlobalSection
	GlobalSection(ProjectConfigurationPlatforms) = postSolution
		{E3C65DD0-7AA1-4E6C-93AE-3630BEB803C3}.Debug|Any CPU.ActiveCfg = Debug|Any CPU
		{E3C65DD0-7AA1-4E6C-93AE-3630BEB803C3}.Debug|Any CPU.Build.0 = Debug|Any CPU
		{E3C65DD0-7AA1-4E6C-93AE-3630BEB803C3}.Release|Any CPU.ActiveCfg = Release|Any CPU
		{E3C65DD0-7AA1-4E6C-93AE-3630BEB803C3}.Release|Any CPU.Build.0 = Release|Any CPU
	EndGlobalSection
	GlobalSection(SolutionProperties) = preSolution
		HideSolutionNode = FALSE
	EndGlobalSection
	GlobalSection(ExtensibilityGlobals) = postSolution
		SolutionGuid = {52B44D21-66BC-4148-8410-93B4A1AC3205}
	EndGlobalSection
EndGlobal
